
Microsoft Visual Studio Solution File, Format Version 12.00
# Visual Studio Version 16
VisualStudioVersion = 16.0.30611.23
MinimumVisualStudioVersion = 10.0.40219.1
Project("{FAE04EC0-301F-11D3-BF4B-00C04F79EFBC}") = "Ejercicio03", "Ejercicio03.csproj", "{4E9A1642-7383-4463-A288-AE8CF77EAE2B}"
EndProject
Global
	GlobalSection(SolutionConfigurationPlatforms) = preSolution
		Debug|Any CPU = Debug|Any CPU
		Release|Any CPU = Release|Any CPU
	EndGlobalSection
	GlobalSection(ProjectConfigurationPlatforms) = postSolution
		{4E9A1642-7383-4463-A288-AE8CF77EAE2B}.Debug|Any CPU.ActiveCfg = Debug|Any CPU
		{4E9A1642-7383-4463-A288-AE8CF77EAE2B}.Debug|Any CPU.Build.0 = Debug|Any CPU
		{4E9A1642-7383-4463-A288-AE8CF77EAE2B}.Release|Any CPU.ActiveCfg = Release|Any CPU
		{4E9A1642-7383-4463-A288-AE8CF77EAE2B}.Release|Any CPU.Build.0 = Release|Any CPU
	EndGlobalSection
	GlobalSection(SolutionProperties) = preSolution
		HideSolutionNode = FALSE
	EndGlobalSection
	GlobalSection(ExtensibilityGlobals) = postSolution
		SolutionGuid = {66A6D423-D05A-4379-BAA8-A01157FA754B}
	EndGlobalSection
EndGlobal
